{
  "name": "holdRequestService",
  "version": "0.2.0",
  "lockfileVersion": 1,
  "dependencies": {
    "http-string-parser": {
      "version": "0.0.5",
      "resolved": "https://registry.npmjs.org/http-string-parser/-/http-string-parser-0.0.5.tgz",
      "integrity": "sha1-jy2geB/gpuSAND9T0uz5OvhkYcg="
    }
  }
}
